github.com/Nigel2392/cache v1.0.1 h1:lO+ra0GsUgIXfBBYor9CypByb+M5bwgrj2HmkygQT6M=
github.com/Nigel2392/cache v1.0.1/go.mod h1:flGI2OAai5vr59kMiVfj+UXdgz9AQ3ZQTcUQ5WCEIJE=
github.com/Nigel2392/errors v1.0.0 h1:/mtDxh9jTvrj0kZQiTsDPtgUG6Da1R5gSp/FFfo00CQ=
github.com/Nigel2392/errors v1.0.0/go.mod h1:AV6mIkaeDgEi9vJKMpG9/6ni4fRnSnrqcfXWwjKbGHE=
github.com/Nigel2392/goldcrest v1.0.4 h1:Xx+QLht6QjJ3Gg9uksgc6Ye1XjbtzQ1208ClZwoVWsg=
github.com/Nigel2392/goldcrest v1.0.4/go.mod h1:UpnPrYJqZY/b7TkoVKdoNNPKTlQtld+fsrZEA98c1c0=
github.com/pkg/errors v0.9.1 h1:FEBLx1zS214owpjy7qsBeixbURkuhQAwrK5UwLGTwt4=
github.com/pkg/errors v0.9.1/go.mod h1:bwawxfHBFNV+L2hUp1rHADufV3IMtnDRdf1r5NINEl0=
